
Microsoft Visual Studio Solution File, Format Version 12.00
# Visual Studio 14
VisualStudioVersion = 14.0.25420.1
MinimumVisualStudioVersion = 10.0.40219.1
Project("{2150E333-8FDC-42A3-9474-1A3956D46DE8}") = "src", "src", "{B76FD4BA-7703-4A83-8ED5-3482E15866D7}"
EndProject
Project("{2150E333-8FDC-42A3-9474-1A3956D46DE8}") = "Solution Items", "Solution Items", "{567CCA8D-D538-414E-8B9F-DB71CEB710E2}"
EndProject
Project("{8BB2217D-0F2D-49D1-97BC-3654ED321F3B}") = "WebAPI Starter", "src\WebAPIStarterRepo\WebAPI Starter.xproj", "{06694A58-7A82-49AB-8774-BE95121AF647}"
EndProject
Global
	GlobalSection(SubversionScc) = preSolution
		Svn-Managed = True
		Manager = AnkhSVN - Subversion Support for Visual Studio
	EndGlobalSection
	GlobalSection(SolutionConfigurationPlatforms) = preSolution
		Debug|Any CPU = Debug|Any CPU
		Release|Any CPU = Release|Any CPU
		Staging|Any CPU = Staging|Any CPU
	EndGlobalSection
	GlobalSection(ProjectConfigurationPlatforms) = postSolution
		{06694A58-7A82-49AB-8774-BE95121AF647}.Debug|Any CPU.ActiveCfg = Debug|Any CPU
		{06694A58-7A82-49AB-8774-BE95121AF647}.Debug|Any CPU.Build.0 = Debug|Any CPU
		{06694A58-7A82-49AB-8774-BE95121AF647}.Release|Any CPU.ActiveCfg = Release|Any CPU
		{06694A58-7A82-49AB-8774-BE95121AF647}.Release|Any CPU.Build.0 = Release|Any CPU
		{06694A58-7A82-49AB-8774-BE95121AF647}.Staging|Any CPU.ActiveCfg = Release|Any CPU
		{06694A58-7A82-49AB-8774-BE95121AF647}.Staging|Any CPU.Build.0 = Release|Any CPU
	EndGlobalSection
	GlobalSection(SolutionProperties) = preSolution
		HideSolutionNode = FALSE
	EndGlobalSection
	GlobalSection(NestedProjects) = preSolution
		{06694A58-7A82-49AB-8774-BE95121AF647} = {B76FD4BA-7703-4A83-8ED5-3482E15866D7}
	EndGlobalSection
EndGlobal
